// !$*UTF8*$!
{
	archiveVersion = 1;
	classes = {
	};
	objectVersion = 46;
	objects = {

/* Begin PBXBuildFile section */
		6BBD24171D9476540007FE12 /* AppDelegate.swift in Sources */ = {isa = PBXBuildFile; fileRef = 6BBD24161D9476540007FE12 /* AppDelegate.swift */; };
		6BBD24191D9476540007FE12 /* ViewController.swift in Sources */ = {isa = PBXBuildFile; fileRef = 6BBD24181D9476540007FE12 /* ViewController.swift */; };
		6BBD241C1D9476540007FE12 /* Main.storyboard in Resources */ = {isa = PBXBuildFile; fileRef = 6BBD241A1D9476540007FE12 /* Main.storyboard */; };
		6BBD241E1D9476540007FE12 /* Assets.xcassets in Resources */ = {isa = PBXBuildFile; fileRef = 6BBD241D1D9476540007FE12 /* Assets.xcassets */; };
		6BBD24211D9476540007FE12 /* LaunchScreen.storyboard in Resources */ = {isa = PBXBuildFile; fileRef = 6BBD241F1D9476540007FE12 /* LaunchScreen.storyboard */; };
		6BBD242C1D9476540007FE12 /* Lab03STests.swift in Sources */ = {isa = PBXBuildFile; fileRef = 6BBD242B1D9476540007FE12 /* Lab03STests.swift */; };
		6BBD24371D9476540007FE12 /* Lab03SUITests.swift in Sources */ = {isa = PBXBuildFile; fileRef = 6BBD24361D9476540007FE12 /* Lab03SUITests.swift */; };
/* End PBXBuildFile section */

/* Begin PBXContainerItemProxy section */
		6BBD24281D9476540007FE12 /* PBXContainerItemProxy */ = {
			isa = PBXContainerItemProxy;
			containerPortal = 6BBD240B1D9476540007FE12 /* Project object */;
			proxyType = 1;
			remoteGlobalIDString = 6BBD24121D9476540007FE12;
			remoteInfo = Lab03S;
		};
		6BBD24331D9476540007FE12 /* PBXContainerItemProxy */ = {
			isa = PBXContainerItemProxy;
			containerPortal = 6BBD240B1D9476540007FE12 /* Project object */;
			proxyType = 1;
			remoteGlobalIDString = 6BBD24121D9476540007FE12;
			remoteInfo = Lab03S;
		};
/* End PBXContainerItemProxy section */

/* Begin PBXFileReference section */
		6BBD24131D9476540007FE12 /* Lab03S.app */ = {isa = PBXFileReference; explicitFileType = wrapper.application; includeInIndex = 0; path = Lab03S.app; sourceTree = BUILT_PRODUCTS_DIR; };
		6BBD24161D9476540007FE12 /* AppDelegate.swift */ = {isa = PBXFileReference; lastKnownFileType = sourcecode.swift; path = AppDelegate.swift; sourceTree = "<group>"; };
		6BBD24181D9476540007FE12 /* ViewController.swift */ = {isa = PBXFileReference; lastKnownFileType = sourcecode.swift; path = ViewController.swift; sourceTree = "<group>"; };
		6BBD241B1D9476540007FE12 /* Base */ = {isa = PBXFileReference; lastKnownFileType = file.storyboard; name = Base; path = Base.lproj/Main.storyboard; sourceTree = "<group>"; };
		6BBD241D1D9476540007FE12 /* Assets.xcassets */ = {isa = PBXFileReference; lastKnownFileType = folder.assetcatalog; path = Assets.xcassets; sourceTree = "<group>"; };
		6BBD24201D9476540007FE12 /* Base */ = {isa = PBXFileReference; lastKnownFileType = file.storyboard; name = Base; path = Base.lproj/LaunchScreen.storyboard; sourceTree = "<group>"; };
		6BBD24221D9476540007FE12 /* Info.plist */ = {isa = PBXFileReference; lastKnownFileType = text.plist.xml; path = Info.plist; sourceTree = "<group>"; };
		6BBD24271D9476540007FE12 /* Lab03STests.xctest */ = {isa = PBXFileReference; explicitFileType = wrapper.cfbundle; includeInIndex = 0; path = Lab03STests.xctest; sourceTree = BUILT_PRODUCTS_DIR; };
		6BBD242B1D9476540007FE12 /* Lab03STests.swift */ = {isa = PBXFileReference; lastKnownFileType = sourcecode.swift; path = Lab03STests.swift; sourceTree = "<group>"; };
		6BBD242D1D9476540007FE12 /* Info.plist */ = {isa = PBXFileReference; lastKnownFileType = text.plist.xml; path = Info.plist; sourceTree = "<group>"; };
		6BBD24321D9476540007FE12 /* Lab03SUITests.xctest */ = {isa = PBXFileReference; explicitFileType = wrapper.cfbundle; includeInIndex = 0; path = Lab03SUITests.xctest; sourceTree = BUILT_PRODUCTS_DIR; };
		6BBD24361D9476540007FE12 /* Lab03SUITests.swift */ = {isa = PBXFileReference; lastKnownFileType = sourcecode.swift; path = Lab03SUITests.swift; sourceTree = "<group>"; };
		6BBD24381D9476540007FE12 /* Info.plist */ = {isa = PBXFileReference; lastKnownFileType = text.plist.xml; path = Info.plist; sourceTree = "<group>"; };
/* End PBXFileReference section */

/* Begin PBXFrameworksBuildPhase section */
		6BBD24101D9476540007FE12 /* Frameworks */ = {
			isa = PBXFrameworksBuildPhase;
			buildActionMask = 2147483647;
			files = (
			);
			runOnlyForDeploymentPostprocessing = 0;
		};
		6BBD24241D9476540007FE12 /* Frameworks */ = {
			isa = PBXFrameworksBuildPhase;
			buildActionMask = 2147483647;
			files = (
			);
			runOnlyForDeploymentPostprocessing = 0;
		};
		6BBD242F1D9476540007FE12 /* Frameworks */ = {
			isa = PBXFrameworksBuildPhase;
			buildActionMask = 2147483647;
			files = (
			);
			runOnlyForDeploymentPostprocessing = 0;
		};
/* End PBXFrameworksBuildPhase section */

/* Begin PBXGroup section */
		6BBD240A1D9476540007FE12 = {
			isa = PBXGroup;
			children = (
				6BBD24151D9476540007FE12 /* Lab03S */,
				6BBD242A1D9476540007FE12 /* Lab03STests */,
				6BBD24351D9476540007FE12 /* Lab03SUITests */,
				6BBD24141D9476540007FE12 /* Products */,
			);
			sourceTree = "<group>";
		};
		6BBD24141D9476540007FE12 /* Products */ = {
			isa = PBXGroup;
			children = (
				6BBD24131D9476540007FE12 /* Lab03S.app */,
				6BBD24271D9476540007FE12 /* Lab03STests.xctest */,
				6BBD24321D9476540007FE12 /* Lab03SUITests.xctest */,
			);
			name = Products;
			sourceTree = "<group>";
		};
		6BBD24151D9476540007FE12 /* Lab03S */ = {
			isa = PBXGroup;
			children = (
				6BBD24161D9476540007FE12 /* AppDelegate.swift */,
				6BBD24181D9476540007FE12 /* ViewController.swift */,
				6BBD241A1D9476540007FE12 /* Main.storyboard */,
				6BBD241D1D9476540007FE12 /* Assets.xcassets */,
				6BBD241F1D9476540007FE12 /* LaunchScreen.storyboard */,
				6BBD24221D9476540007FE12 /* Info.plist */,
			);
			path = Lab03S;
			sourceTree = "<group>";
		};
		6BBD242A1D9476540007FE12 /* Lab03STests */ = {
			isa = PBXGroup;
			children = (
				6BBD242B1D9476540007FE12 /* Lab03STests.swift */,
				6BBD242D1D9476540007FE12 /* Info.plist */,
			);
			path = Lab03STests;
			sourceTree = "<group>";
		};
		6BBD24351D9476540007FE12 /* Lab03SUITests */ = {
			isa = PBXGroup;
			children = (
				6BBD24361D9476540007FE12 /* Lab03SUITests.swift */,
				6BBD24381D9476540007FE12 /* Info.plist */,
			);
			path = Lab03SUITests;
			sourceTree = "<group>";
		};
/* End PBXGroup section */

/* Begin PBXNativeTarget section */
		6BBD24121D9476540007FE12 /* Lab03S */ = {
			isa = PBXNativeTarget;
			buildConfigurationList = 6BBD243B1D9476540007FE12 /* Build configuration list for PBXNativeTarget "Lab03S" */;
			buildPhases = (
				6BBD240F1D9476540007FE12 /* Sources */,
				6BBD24101D9476540007FE12 /* Frameworks */,
				6BBD24111D9476540007FE12 /* Resources */,
			);
			buildRules = (
			);
			dependencies = (
			);
			name = Lab03S;
			productName = Lab03S;
			productReference = 6BBD24131D9476540007FE12 /* Lab03S.app */;
			productType = "com.apple.product-type.application";
		};
		6BBD24261D9476540007FE12 /* Lab03STests */ = {
			isa = PBXNativeTarget;
			buildConfigurationList = 6BBD243E1D9476540007FE12 /* Build configuration list for PBXNativeTarget "Lab03STests" */;
			buildPhases = (
				6BBD24231D9476540007FE12 /* Sources */,
				6BBD24241D9476540007FE12 /* Frameworks */,
				6BBD24251D9476540007FE12 /* Resources */,
			);
			buildRules = (
			);
			dependencies = (
				6BBD24291D9476540007FE12 /* PBXTargetDependency */,
			);
			name = Lab03STests;
			productName = Lab03STests;
			productReference = 6BBD24271D9476540007FE12 /* Lab03STests.xctest */;
			productType = "com.apple.product-type.bundle.unit-test";
		};
		6BBD24311D9476540007FE12 /* Lab03SUITests */ = {
			isa = PBXNativeTarget;
			buildConfigurationList = 6BBD24411D9476540007FE12 /* Build configuration list for PBXNativeTarget "Lab03SUITests" */;
			buildPhases = (
				6BBD242E1D9476540007FE12 /* Sources */,
				6BBD242F1D9476540007FE12 /* Frameworks */,
				6BBD24301D9476540007FE12 /* Resources */,
			);
			buildRules = (
			);
			dependencies = (
				6BBD24341D9476540007FE12 /* PBXTargetDependency */,
			);
			name = Lab03SUITests;
			productName = Lab03SUITests;
			productReference = 6BBD24321D9476540007FE12 /* Lab03SUITests.xctest */;
			productType = "com.apple.product-type.bundle.ui-testing";
		};
/* End PBXNativeTarget section */

/* Begin PBXProject section */
		6BBD240B1D9476540007FE12 /* Project object */ = {
			isa = PBXProject;
			attributes = {
				LastSwiftUpdateCheck = 0730;
				LastUpgradeCheck = 0730;
				ORGANIZATIONNAME = "Rui Geng";
				TargetAttributes = {
					6BBD24121D9476540007FE12 = {
						CreatedOnToolsVersion = 7.3.1;
					};
					6BBD24261D9476540007FE12 = {
						CreatedOnToolsVersion = 7.3.1;
						TestTargetID = 6BBD24121D9476540007FE12;
					};
					6BBD24311D9476540007FE12 = {
						CreatedOnToolsVersion = 7.3.1;
						TestTargetID = 6BBD24121D9476540007FE12;
					};
				};
			};
			buildConfigurationList = 6BBD240E1D9476540007FE12 /* Build configuration list for PBXProject "Lab03S" */;
			compatibilityVersion = "Xcode 3.2";
			developmentRegion = English;
			hasScannedForEncodings = 0;
			knownRegions = (
				en,
				Base,
			);
			mainGroup = 6BBD240A1D9476540007FE12;
			productRefGroup = 6BBD24141D9476540007FE12 /* Products */;
			projectDirPath = "";
			projectRoot = "";
			targets = (
				6BBD24121D9476540007FE12 /* Lab03S */,
				6BBD24261D9476540007FE12 /* Lab03STests */,
				6BBD24311D9476540007FE12 /* Lab03SUITests */,
			);
		};
/* End PBXProject section */

/* Begin PBXResourcesBuildPhase section */
		6BBD24111D9476540007FE12 /* Resources */ = {
			isa = PBXResourcesBuildPhase;
			buildActionMask = 2147483647;
			files = (
				6BBD24211D9476540007FE12 /* LaunchScreen.storyboard in Resources */,
				6BBD241E1D9476540007FE12 /* Assets.xcassets in Resources */,
				6BBD241C1D9476540007FE12 /* Main.storyboard in Resources */,
			);
			runOnlyForDeploymentPostprocessing = 0;
		};
		6BBD24251D9476540007FE12 /* Resources */ = {
			isa = PBXResourcesBuildPhase;
			buildActionMask = 2147483647;
			files = (
			);
			runOnlyForDeploymentPostprocessing = 0;
		};
		6BBD24301D9476540007FE12 /* Resources */ = {
			isa = PBXResourcesBuildPhase;
			buildActionMask = 2147483647;
			files = (
			);
			runOnlyForDeploymentPostprocessing = 0;
		};
/* End PBXResourcesBuildPhase section */

/* Begin PBXSourcesBuildPhase section */
		6BBD240F1D9476540007FE12 /* Sources */ = {
			isa = PBXSourcesBuildPhase;
			buildActionMask = 2147483647;
			files = (
				6BBD24191D9476540007FE12 /* ViewController.swift in Sources */,
				6BBD24171D9476540007FE12 /* AppDelegate.swift in Sources */,
			);
			runOnlyForDeploymentPostprocessing = 0;
		};
		6BBD24231D9476540007FE12 /* Sources */ = {
			isa = PBXSourcesBuildPhase;
			buildActionMask = 2147483647;
			files = (
				6BBD242C1D9476540007FE12 /* Lab03STests.swift in Sources */,
			);
			runOnlyForDeploymentPostprocessing = 0;
		};
		6BBD242E1D9476540007FE12 /* Sources */ = {
			isa = PBXSourcesBuildPhase;
			buildActionMask = 2147483647;
			files = (
				6BBD24371D9476540007FE12 /* Lab03SUITests.swift in Sources */,
			);
			runOnlyForDeploymentPostprocessing = 0;
		};
/* End PBXSourcesBuildPhase section */

/* Begin PBXTargetDependency section */
		6BBD24291D9476540007FE12 /* PBXTargetDependency */ = {
			isa = PBXTargetDependency;
			target = 6BBD24121D9476540007FE12 /* Lab03S */;
			targetProxy = 6BBD24281D9476540007FE12 /* PBXContainerItemProxy */;
		};
		6BBD24341D9476540007FE12 /* PBXTargetDependency */ = {
			isa = PBXTargetDependency;
			target = 6BBD24121D9476540007FE12 /* Lab03S */;
			targetProxy = 6BBD24331D9476540007FE12 /* PBXContainerItemProxy */;
		};
/* End PBXTargetDependency section */

/* Begin PBXVariantGroup section */
		6BBD241A1D9476540007FE12 /* Main.storyboard */ = {
			isa = PBXVariantGroup;
			children = (
				6BBD241B1D9476540007FE12 /* Base */,
			);
			name = Main.storyboard;
			sourceTree = "<group>";
		};
		6BBD241F1D9476540007FE12 /* LaunchScreen.storyboard */ = {
			isa = PBXVariantGroup;
			children = (
				6BBD24201D9476540007FE12 /* Base */,
			);
			name = LaunchScreen.storyboard;
			sourceTree = "<group>";
		};
/* End PBXVariantGroup section */

/* Begin XCBuildConfiguration section */
		6BBD24391D9476540007FE12 /* Debug */ = {
			isa = XCBuildConfiguration;
			buildSettings = {
				ALWAYS_SEARCH_USER_PATHS = NO;
				CLANG_ANALYZER_NONNULL = YES;
				CLANG_CXX_LANGUAGE_STANDARD = "gnu++0x";
				CLANG_CXX_LIBRARY = "libc++";
				CLANG_ENABLE_MODULES = YES;
				CLANG_ENABLE_OBJC_ARC = YES;
				CLANG_WARN_BOOL_CONVERSION = YES;
				CLANG_WARN_CONSTANT_CONVERSION = YES;
				CLANG_WARN_DIRECT_OBJC_ISA_USAGE = YES_ERROR;
				CLANG_WARN_EMPTY_BODY = YES;
				CLANG_WARN_ENUM_CONVERSION = YES;
				CLANG_WARN_INT_CONVERSION = YES;
				CLANG_WARN_OBJC_ROOT_CLASS = YES_ERROR;
				CLANG_WARN_UNREACHABLE_CODE = YES;
				CLANG_WARN__DUPLICATE_METHOD_MATCH = YES;
				"CODE_SIGN_IDENTITY[sdk=iphoneos*]" = "iPhone Developer";
				COPY_PHASE_STRIP = NO;
				DEBUG_INFORMATION_FORMAT = dwarf;
				ENABLE_STRICT_OBJC_MSGSEND = YES;
				ENABLE_TESTABILITY = YES;
				GCC_C_LANGUAGE_STANDARD = gnu99;
				GCC_DYNAMIC_NO_PIC = NO;
				GCC_NO_COMMON_BLOCKS = YES;
				GCC_OPTIMIZATION_LEVEL = 0;
				GCC_PREPROCESSOR_DEFINITIONS = (
					"DEBUG=1",
					"$(inherited)",
				);
				GCC_WARN_64_TO_32_BIT_CONVERSION = YES;
				GCC_WARN_ABOUT_RETURN_TYPE = YES_ERROR;
				GCC_WARN_UNDECLARED_SELECTOR = YES;
				GCC_WARN_UNINITIALIZED_AUTOS = YES_AGGRESSIVE;
				GCC_WARN_UNUSED_FUNCTION = YES;
				GCC_WARN_UNUSED_VARIABLE = YES;
				IPHONEOS_DEPLOYMENT_TARGET = 9.3;
				MTL_ENABLE_DEBUG_INFO = YES;
				ONLY_ACTIVE_ARCH = YES;
				SDKROOT = iphoneos;
				SWIFT_OPTIMIZATION_LEVEL = "-Onone";
				TARGETED_DEVICE_FAMILY = "1,2";
			};
			name = Debug;
		};
		6BBD243A1D9476540007FE12 /* Release */ = {
			isa = XCBuildConfiguration;
			buildSettings = {
				ALWAYS_SEARCH_USER_PATHS = NO;
				CLANG_ANALYZER_NONNULL = YES;
				CLANG_CXX_LANGUAGE_STANDARD = "gnu++0x";
				CLANG_CXX_LIBRARY = "libc++";
				CLANG_ENABLE_MODULES = YES;
				CLANG_ENABLE_OBJC_ARC = YES;
				CLANG_WARN_BOOL_CONVERSION = YES;
				CLANG_WARN_CONSTANT_CONVERSION = YES;
				CLANG_WARN_DIRECT_OBJC_ISA_USAGE = YES_ERROR;
				CLANG_WARN_EMPTY_BODY = YES;
				CLANG_WARN_ENUM_CONVERSION = YES;
				CLANG_WARN_INT_CONVERSION = YES;
				CLANG_WARN_OBJC_ROOT_CLASS = YES_ERROR;
				CLANG_WARN_UNREACHABLE_CODE = YES;
				CLANG_WARN__DUPLICATE_METHOD_MATCH = YES;
				"CODE_SIGN_IDENTITY[sdk=iphoneos*]" = "iPhone Developer";
				COPY_PHASE_STRIP = NO;
				DEBUG_INFORMATION_FORMAT = "dwarf-with-dsym";
				ENABLE_NS_ASSERTIONS = NO;
				ENABLE_STRICT_OBJC_MSGSEND = YES;
				GCC_C_LANGUAGE_STANDARD = gnu99;
				GCC_NO_COMMON_BLOCKS = YES;
				GCC_WARN_64_TO_32_BIT_CONVERSION = YES;
				GCC_WARN_ABOUT_RETURN_TYPE = YES_ERROR;
				GCC_WARN_UNDECLARED_SELECTOR = YES;
				GCC_WARN_UNINITIALIZED_AUTOS = YES_AGGRESSIVE;
				GCC_WARN_UNUSED_FUNCTION = YES;
				GCC_WARN_UNUSED_VARIABLE = YES;
				IPHONEOS_DEPLOYMENT_TARGET = 9.3;
				MTL_ENABLE_DEBUG_INFO = NO;
				SDKROOT = iphoneos;
				TARGETED_DEVICE_FAMILY = "1,2";
				VALIDATE_PRODUCT = YES;
			};
			name = Release;
		};
		6BBD243C1D9476540007FE12 /* Debug */ = {
			isa = XCBuildConfiguration;
			buildSettings = {
				ASSETCATALOG_COMPILER_APPICON_NAME = AppIcon;
				INFOPLIST_FILE = Lab03S/Info.plist;
				LD_RUNPATH_SEARCH_PATHS = "$(inherited) @executable_path/Frameworks";
				PRODUCT_BUNDLE_IDENTIFIER = Conestoga.Lab03S;
				PRODUCT_NAME = "$(TARGET_NAME)";
			};
			name = Debug;
		};
		6BBD243D1D9476540007FE12 /* Release */ = {
			isa = XCBuildConfiguration;
			buildSettings = {
				ASSETCATALOG_COMPILER_APPICON_NAME = AppIcon;
				INFOPLIST_FILE = Lab03S/Info.plist;
				LD_RUNPATH_SEARCH_PATHS = "$(inherited) @executable_path/Frameworks";
				PRODUCT_BUNDLE_IDENTIFIER = Conestoga.Lab03S;
				PRODUCT_NAME = "$(TARGET_NAME)";
			};
			name = Release;
		};
		6BBD243F1D9476540007FE12 /* Debug */ = {
			isa = XCBuildConfiguration;
			buildSettings = {
				BUNDLE_LOADER = "$(TEST_HOST)";
				INFOPLIST_FILE = Lab03STests/Info.plist;
				LD_RUNPATH_SEARCH_PATHS = "$(inherited) @executable_path/Frameworks @loader_path/Frameworks";
				PRODUCT_BUNDLE_IDENTIFIER = Conestoga.Lab03STests;
				PRODUCT_NAME = "$(TARGET_NAME)";
				TEST_HOST = "$(BUILT_PRODUCTS_DIR)/Lab03S.app/Lab03S";
			};
			name = Debug;
		};
		6BBD24401D9476540007FE12 /* Release */ = {
			isa = XCBuildConfiguration;
			buildSettings = {
				BUNDLE_LOADER = "$(TEST_HOST)";
				INFOPLIST_FILE = Lab03STests/Info.plist;
				LD_RUNPATH_SEARCH_PATHS = "$(inherited) @executable_path/Frameworks @loader_path/Frameworks";
				PRODUCT_BUNDLE_IDENTIFIER = Conestoga.Lab03STests;
				PRODUCT_NAME = "$(TARGET_NAME)";
				TEST_HOST = "$(BUILT_PRODUCTS_DIR)/Lab03S.app/Lab03S";
			};
			name = Release;
		};
		6BBD24421D9476540007FE12 /* Debug */ = {
			isa = XCBuildConfiguration;
			buildSettings = {
				INFOPLIST_FILE = Lab03SUITests/Info.plist;
				LD_RUNPATH_SEARCH_PATHS = "$(inherited) @executable_path/Frameworks @loader_path/Frameworks";
				PRODUCT_BUNDLE_IDENTIFIER = Conestoga.Lab03SUITests;
				PRODUCT_NAME = "$(TARGET_NAME)";
				TEST_TARGET_NAME = Lab03S;
			};
			name = Debug;
		};
		6BBD24431D9476540007FE12 /* Release */ = {
			isa = XCBuildConfiguration;
			buildSettings = {
				INFOPLIST_FILE = Lab03SUITests/Info.plist;
				LD_RUNPATH_SEARCH_PATHS = "$(inherited) @executable_path/Frameworks @loader_path/Frameworks";
				PRODUCT_BUNDLE_IDENTIFIER = Conestoga.Lab03SUITests;
				PRODUCT_NAME = "$(TARGET_NAME)";
				TEST_TARGET_NAME = Lab03S;
			};
			name = Release;
		};
/* End XCBuildConfiguration section */

/* Begin XCConfigurationList section */
		6BBD240E1D9476540007FE12 /* Build configuration list for PBXProject "Lab03S" */ = {
			isa = XCConfigurationList;
			buildConfigurations = (
				6BBD24391D9476540007FE12 /* Debug */,
				6BBD243A1D9476540007FE12 /* Release */,
			);
			defaultConfigurationIsVisible = 0;
			defaultConfigurationName = Release;
		};
		6BBD243B1D9476540007FE12 /* Build configuration list for PBXNativeTarget "Lab03S" */ = {
			isa = XCConfigurationList;
			buildConfigurations = (
				6BBD243C1D9476540007FE12 /* Debug */,
				6BBD243D1D9476540007FE12 /* Release */,
			);
			defaultConfigurationIsVisible = 0;
		};
		6BBD243E1D9476540007FE12 /* Build configuration list for PBXNativeTarget "Lab03STests" */ = {
			isa = XCConfigurationList;
			buildConfigurations = (
				6BBD243F1D9476540007FE12 /* Debug */,
				6BBD24401D9476540007FE12 /* Release */,
			);
			defaultConfigurationIsVisible = 0;
		};
		6BBD24411D9476540007FE12 /* Build configuration list for PBXNativeTarget "Lab03SUITests" */ = {
			isa = XCConfigurationList;
			buildConfigurations = (
				6BBD24421D9476540007FE12 /* Debug */,
				6BBD24431D9476540007FE12 /* Release */,
			);
			defaultConfigurationIsVisible = 0;
		};
/* End XCConfigurationList section */
	};
	rootObject = 6BBD240B1D9476540007FE12 /* Project object */;
}
